
Microsoft Visual Studio Solution File, Format Version 12.00
# Visual Studio Version 17
VisualStudioVersion = 17.9.34607.119
MinimumVisualStudioVersion = 10.0.40219.1
Project("{9A19103F-16F7-4668-BE54-9A1E7A4F7556}") = "FRELODYAPIs", "SongsWithChords\FRELODYAPIs.csproj", "{62C513B5-3F1D-4E6C-8FD7-DC976DA4533D}"
EndProject
Project("{FAE04EC0-301F-11D3-BF4B-00C04F79EFBC}") = "FRELODYLIB", "FRELODYLIB\FRELODYLIB.csproj", "{1591C26C-517B-4EA5-ADEA-E2084B8F98A1}"
EndProject
Project("{FAE04EC0-301F-11D3-BF4B-00C04F79EFBC}") = "FRELODYSHRD", "FRELODYSHRD\FRELODYSHRD.csproj", "{3C7D872F-AEFF-4704-B266-52848B703EFB}"
EndProject
Project("{FAE04EC0-301F-11D3-BF4B-00C04F79EFBC}") = "FRELODYUI", "FRELODYUI\FRELODYUI\FRELODYUI.csproj", "{F28EFCD8-AB0C-4C88-A5C2-59C6351A96BC}"
EndProject
Project("{FAE04EC0-301F-11D3-BF4B-00C04F79EFBC}") = "FRELODYUI.Shared", "FRELODYUI\FRELODYUI.Shared\FRELODYUI.Shared.csproj", "{7C5AFFFD-EF21-44F2-BBBF-9D0A9EF92C44}"
EndProject
Project("{FAE04EC0-301F-11D3-BF4B-00C04F79EFBC}") = "FRELODYUI.Web", "FRELODYUI\FRELODYUI.Web\FRELODYUI.Web.csproj", "{95DF64BF-14EF-4535-94D0-0CB5EDDEA769}"
EndProject
Project("{FAE04EC0-301F-11D3-BF4B-00C04F79EFBC}") = "FRELODYUI.Web.Client", "FRELODYUI\FRELODYUI.Web.Client\FRELODYUI.Web.Client.csproj", "{292495FC-7D1F-415C-B0E0-54FBE1391703}"
EndProject
Global
	GlobalSection(SolutionConfigurationPlatforms) = preSolution
		Debug|Any CPU = Debug|Any CPU
		Release|Any CPU = Release|Any CPU
	EndGlobalSection
	GlobalSection(ProjectConfigurationPlatforms) = postSolution
		{62C513B5-3F1D-4E6C-8FD7-DC976DA4533D}.Debug|Any CPU.ActiveCfg = Debug|Any CPU
		{62C513B5-3F1D-4E6C-8FD7-DC976DA4533D}.Debug|Any CPU.Build.0 = Debug|Any CPU
		{62C513B5-3F1D-4E6C-8FD7-DC976DA4533D}.Release|Any CPU.ActiveCfg = Release|Any CPU
		{62C513B5-3F1D-4E6C-8FD7-DC976DA4533D}.Release|Any CPU.Build.0 = Release|Any CPU
		{1591C26C-517B-4EA5-ADEA-E2084B8F98A1}.Debug|Any CPU.ActiveCfg = Debug|Any CPU
		{1591C26C-517B-4EA5-ADEA-E2084B8F98A1}.Debug|Any CPU.Build.0 = Debug|Any CPU
		{1591C26C-517B-4EA5-ADEA-E2084B8F98A1}.Release|Any CPU.ActiveCfg = Release|Any CPU
		{1591C26C-517B-4EA5-ADEA-E2084B8F98A1}.Release|Any CPU.Build.0 = Release|Any CPU
		{3C7D872F-AEFF-4704-B266-52848B703EFB}.Debug|Any CPU.ActiveCfg = Debug|Any CPU
		{3C7D872F-AEFF-4704-B266-52848B703EFB}.Debug|Any CPU.Build.0 = Debug|Any CPU
		{3C7D872F-AEFF-4704-B266-52848B703EFB}.Release|Any CPU.ActiveCfg = Release|Any CPU
		{3C7D872F-AEFF-4704-B266-52848B703EFB}.Release|Any CPU.Build.0 = Release|Any CPU
		{F28EFCD8-AB0C-4C88-A5C2-59C6351A96BC}.Debug|Any CPU.ActiveCfg = Debug|Any CPU
		{F28EFCD8-AB0C-4C88-A5C2-59C6351A96BC}.Debug|Any CPU.Build.0 = Debug|Any CPU
		{F28EFCD8-AB0C-4C88-A5C2-59C6351A96BC}.Debug|Any CPU.Deploy.0 = Debug|Any CPU
		{F28EFCD8-AB0C-4C88-A5C2-59C6351A96BC}.Release|Any CPU.ActiveCfg = Release|Any CPU
		{F28EFCD8-AB0C-4C88-A5C2-59C6351A96BC}.Release|Any CPU.Build.0 = Release|Any CPU
		{7C5AFFFD-EF21-44F2-BBBF-9D0A9EF92C44}.Debug|Any CPU.ActiveCfg = Debug|Any CPU
		{7C5AFFFD-EF21-44F2-BBBF-9D0A9EF92C44}.Debug|Any CPU.Build.0 = Debug|Any CPU
		{7C5AFFFD-EF21-44F2-BBBF-9D0A9EF92C44}.Release|Any CPU.ActiveCfg = Release|Any CPU
		{7C5AFFFD-EF21-44F2-BBBF-9D0A9EF92C44}.Release|Any CPU.Build.0 = Release|Any CPU
		{95DF64BF-14EF-4535-94D0-0CB5EDDEA769}.Debug|Any CPU.ActiveCfg = Debug|Any CPU
		{95DF64BF-14EF-4535-94D0-0CB5EDDEA769}.Debug|Any CPU.Build.0 = Debug|Any CPU
		{95DF64BF-14EF-4535-94D0-0CB5EDDEA769}.Release|Any CPU.ActiveCfg = Release|Any CPU
		{95DF64BF-14EF-4535-94D0-0CB5EDDEA769}.Release|Any CPU.Build.0 = Release|Any CPU
		{292495FC-7D1F-415C-B0E0-54FBE1391703}.Debug|Any CPU.ActiveCfg = Debug|Any CPU
		{292495FC-7D1F-415C-B0E0-54FBE1391703}.Debug|Any CPU.Build.0 = Debug|Any CPU
		{292495FC-7D1F-415C-B0E0-54FBE1391703}.Release|Any CPU.ActiveCfg = Release|Any CPU
		{292495FC-7D1F-415C-B0E0-54FBE1391703}.Release|Any CPU.Build.0 = Release|Any CPU
	EndGlobalSection
	GlobalSection(SolutionProperties) = preSolution
		HideSolutionNode = FALSE
	EndGlobalSection
	GlobalSection(ExtensibilityGlobals) = postSolution
		SolutionGuid = {F73BA113-0867-4B3E-8A00-18768DE3D6D1}
	EndGlobalSection
EndGlobal
